
Microsoft Visual Studio Solution File, Format Version 12.00
# Visual Studio Version 16
VisualStudioVersion = 16.0.30114.105
MinimumVisualStudioVersion = 10.0.40219.1
Project("{FAE04EC0-301F-11D3-BF4B-00C04F79EFBC}") = "unoSquare", "unoSquare\unoSquare.csproj", "{54B0106B-6AB2-4A26-9AC9-F0296FE4C2E6}"
EndProject
Global
	GlobalSection(SolutionConfigurationPlatforms) = preSolution
		Debug|Any CPU = Debug|Any CPU
		Release|Any CPU = Release|Any CPU
	EndGlobalSection
	GlobalSection(ProjectConfigurationPlatforms) = postSolution
		{54B0106B-6AB2-4A26-9AC9-F0296FE4C2E6}.Debug|Any CPU.ActiveCfg = Debug|Any CPU
		{54B0106B-6AB2-4A26-9AC9-F0296FE4C2E6}.Debug|Any CPU.Build.0 = Debug|Any CPU
		{54B0106B-6AB2-4A26-9AC9-F0296FE4C2E6}.Release|Any CPU.ActiveCfg = Release|Any CPU
		{54B0106B-6AB2-4A26-9AC9-F0296FE4C2E6}.Release|Any CPU.Build.0 = Release|Any CPU
	EndGlobalSection
	GlobalSection(SolutionProperties) = preSolution
		HideSolutionNode = FALSE
	EndGlobalSection
	GlobalSection(ExtensibilityGlobals) = postSolution
		SolutionGuid = {23839296-F435-49C8-BEE2-A86097E7E8B3}
	EndGlobalSection
EndGlobal
